
Microsoft Visual Studio Solution File, Format Version 12.00
# Visual Studio Version 17
VisualStudioVersion = 17.5.33424.131
MinimumVisualStudioVersion = 10.0.40219.1
Project("{9A19103F-16F7-4668-BE54-9A1E7A4F7556}") = "TestTask.API", "TestTask\TestTask.API.csproj", "{73865B13-E3A2-464D-AAB3-320CB3B104A4}"
EndProject
Global
	GlobalSection(SolutionConfigurationPlatforms) = preSolution
		Debug|Any CPU = Debug|Any CPU
		Release|Any CPU = Release|Any CPU
	EndGlobalSection
	GlobalSection(ProjectConfigurationPlatforms) = postSolution
		{73865B13-E3A2-464D-AAB3-320CB3B104A4}.Debug|Any CPU.ActiveCfg = Debug|Any CPU
		{73865B13-E3A2-464D-AAB3-320CB3B104A4}.Debug|Any CPU.Build.0 = Debug|Any CPU
		{73865B13-E3A2-464D-AAB3-320CB3B104A4}.Release|Any CPU.ActiveCfg = Release|Any CPU
		{73865B13-E3A2-464D-AAB3-320CB3B104A4}.Release|Any CPU.Build.0 = Release|Any CPU
	EndGlobalSection
	GlobalSection(SolutionProperties) = preSolution
		HideSolutionNode = FALSE
	EndGlobalSection
	GlobalSection(ExtensibilityGlobals) = postSolution
		SolutionGuid = {D51BBA50-F3E2-4857-82F8-B3068B5A6FCA}
	EndGlobalSection
EndGlobal
